
Microsoft Visual Studio Solution File, Format Version 11.00
# Visual Studio 2012
Project("{FAE04EC0-301F-11D3-BF4B-00C04F79EFBC}") = "Textanalyse", "Textanalyse.csproj", "{BB15CF33-6146-4822-B38C-6A7AF1EA2235}"
EndProject
Global
	GlobalSection(SolutionConfigurationPlatforms) = preSolution
		Debug|Any CPU = Debug|Any CPU
		Release|Any CPU = Release|Any CPU
	EndGlobalSection
	GlobalSection(ProjectConfigurationPlatforms) = postSolution
		{BB15CF33-6146-4822-B38C-6A7AF1EA2235}.Debug|Any CPU.ActiveCfg = Debug|Any CPU
		{BB15CF33-6146-4822-B38C-6A7AF1EA2235}.Debug|Any CPU.Build.0 = Debug|Any CPU
		{BB15CF33-6146-4822-B38C-6A7AF1EA2235}.Release|Any CPU.ActiveCfg = Release|Any CPU
		{BB15CF33-6146-4822-B38C-6A7AF1EA2235}.Release|Any CPU.Build.0 = Release|Any CPU
	EndGlobalSection
	GlobalSection(SolutionProperties) = preSolution
		HideSolutionNode = FALSE
	EndGlobalSection
EndGlobal
